<?xml version="1.0" encoding="utf-8"?>
<Project ToolsVersion="4.0" xmlns="http://schemas.microsoft.com/developer/msbuild/2003">
  <ItemGroup>
    <Filter Include="ソース ファイル">
      <UniqueIdentifier>{4FC737F1-C7A5-4376-A066-2A32D752A2FF}</UniqueIdentifier>
      <Extensions>cpp;c;cc;cxx;c++;cppm;ixx;def;odl;idl;hpj;bat;asm;asmx</Extensions>
    </Filter>
    <Filter Include="ヘッダー ファイル">
      <UniqueIdentifier>{93995380-89BD-4b04-88EB-625FBE52EBFB}</UniqueIdentifier>
      <Extensions>h;hh;hpp;hxx;h++;hm;inl;inc;ipp;xsd</Extensions>
    </Filter>
    <Filter Include="リソース ファイル">
      <UniqueIdentifier>{67DA6AB6-F800-4c08-8B7A-83BB121AAD01}</UniqueIdentifier>
      <Extensions>rc;ico;cur;bmp;dlg;rc2;rct;bin;rgs;gif;jpg;jpeg;jpe;resx;tiff;tif;png;wav;mfcribbon-ms</Extensions>
    </Filter>
    <Filter Include="Imgui">
      <UniqueIdentifier>{d130ff42-1fb1-4aa7-ab20-cdd97731dbbb}</UniqueIdentifier>
    </Filter>
    <Filter Include="mesh">
      <UniqueIdentifier>{1f7adde7-2f38-4f5d-814f-5faf4199524b}</UniqueIdentifier>
    </Filter>
    <Filter Include="enemy">
      <UniqueIdentifier>{09f509a0-11a0-4fd3-befd-4145c3b98620}</UniqueIdentifier>
    </Filter>
    <Filter Include="mode">
      <UniqueIdentifier>{8ed78e68-f3e7-41dc-9cc0-7b63cd77b384}</UniqueIdentifier>
    </Filter>
    <Filter Include="mode\game">
      <UniqueIdentifier>{0eb85750-4561-457b-ae92-f5851bd80364}</UniqueIdentifier>
    </Filter>
    <Filter Include="mode\title">
      <UniqueIdentifier>{6381e9fa-3d78-45a2-b137-84ae7778a552}</UniqueIdentifier>
    </Filter>
    <Filter Include="mode\result">
      <UniqueIdentifier>{0a99f556-c3f8-45bd-902e-00a3a609794d}</UniqueIdentifier>
    </Filter>
    <Filter Include="mode\tutorial">
      <UniqueIdentifier>{1158ac40-16b8-4c57-8562-5ca3e1e55f39}</UniqueIdentifier>
    </Filter>
    <Filter Include="object">
      <UniqueIdentifier>{c4e92c77-7c07-4b9f-9fb1-1446c52afc86}</UniqueIdentifier>
    </Filter>
    <Filter Include="Input">
      <UniqueIdentifier>{4c565aa9-f542-4696-a91e-bd40a00703a5}</UniqueIdentifier>
    </Filter>
    <Filter Include="edit">
      <UniqueIdentifier>{13b311fc-e62b-41e4-85d8-4d9a470aca1b}</UniqueIdentifier>
    </Filter>
  </ItemGroup>
  <ItemGroup>
    <ClCompile Include="Source\Xload.cpp">
      <Filter>ソース ファイル</Filter>
    </ClCompile>
    <ClCompile Include="Source\2D_effect.cpp">
      <Filter>ソース ファイル</Filter>
    </ClCompile>
    <ClCompile Include="Source\3D_effect.cpp">
      <Filter>ソース ファイル</Filter>
    </ClCompile>
    <ClCompile Include="Source\ballast.cpp">
      <Filter>ソース ファイル</Filter>
    </ClCompile>
    <ClCompile Include="Source\battlestart.cpp">
      <Filter>ソース ファイル</Filter>
    </ClCompile>
    <ClCompile Include="Source\battlestart_effect.cpp">
      <Filter>ソース ファイル</Filter>
    </ClCompile>
    <ClCompile Include="Source\beforebattle.cpp">
      <Filter>ソース ファイル</Filter>
    </ClCompile>
    <ClCompile Include="Source\blackframe.cpp">
      <Filter>ソース ファイル</Filter>
    </ClCompile>
    <ClCompile Include="Source\camera.cpp">
      <Filter>ソース ファイル</Filter>
    </ClCompile>
    <ClCompile Include="Source\collisionobject.cpp">
      <Filter>ソース ファイル</Filter>
    </ClCompile>
    <ClCompile Include="Source\debugproc.cpp">
      <Filter>ソース ファイル</Filter>
    </ClCompile>
    <ClCompile Include="Source\edit.cpp">
      <Filter>ソース ファイル</Filter>
    </ClCompile>
    <ClCompile Include="Source\edit_enemybase.cpp">
      <Filter>ソース ファイル</Filter>
    </ClCompile>
    <ClCompile Include="Source\elevation.cpp">
      <Filter>ソース ファイル</Filter>
    </ClCompile>
    <ClCompile Include="Source\enemybase.cpp">
      <Filter>ソース ファイル</Filter>
    </ClCompile>
    <ClCompile Include="Source\enemymanager.cpp">
      <Filter>ソース ファイル</Filter>
    </ClCompile>
    <ClCompile Include="Source\explosion.cpp">
      <Filter>ソース ファイル</Filter>
    </ClCompile>
    <ClCompile Include="Source\fade.cpp">
      <Filter>ソース ファイル</Filter>
    </ClCompile>
    <ClCompile Include="Source\fog.cpp">
      <Filter>ソース ファイル</Filter>
    </ClCompile>
    <ClCompile Include="Source\game.cpp">
      <Filter>ソース ファイル</Filter>
    </ClCompile>
    <ClCompile Include="Source\game_tutorial.cpp">
      <Filter>ソース ファイル</Filter>
    </ClCompile>
    <ClCompile Include="Source\gamemanager.cpp">
      <Filter>ソース ファイル</Filter>
    </ClCompile>
    <ClCompile Include="Source\hp_gauge.cpp">
      <Filter>ソース ファイル</Filter>
    </ClCompile>
    <ClCompile Include="Source\hp_gauge_tip.cpp">
      <Filter>ソース ファイル</Filter>
    </ClCompile>
    <ClCompile Include="Source\hp_gauge_tip_billboard.cpp">
      <Filter>ソース ファイル</Filter>
    </ClCompile>
    <ClCompile Include="Source\Imguimanager.cpp">
      <Filter>ソース ファイル</Filter>
    </ClCompile>
    <ClCompile Include="Source\impactwave.cpp">
      <Filter>ソース ファイル</Filter>
    </ClCompile>
    <ClCompile Include="Source\instantfade.cpp">
      <Filter>ソース ファイル</Filter>
    </ClCompile>
    <ClCompile Include="Source\light.cpp">
      <Filter>ソース ファイル</Filter>
    </ClCompile>
    <ClCompile Include="Source\limitarea.cpp">
      <Filter>ソース ファイル</Filter>
    </ClCompile>
    <ClCompile Include="Source\listmanager.cpp">
      <Filter>ソース ファイル</Filter>
    </ClCompile>
    <ClCompile Include="Source\loadmanager.cpp">
      <Filter>ソース ファイル</Filter>
    </ClCompile>
    <ClCompile Include="Source\loadscreen.cpp">
      <Filter>ソース ファイル</Filter>
    </ClCompile>
    <ClCompile Include="Source\main.cpp">
      <Filter>ソース ファイル</Filter>
    </ClCompile>
    <ClCompile Include="Source\manager.cpp">
      <Filter>ソース ファイル</Filter>
    </ClCompile>
    <ClCompile Include="Source\map.cpp">
      <Filter>ソース ファイル</Filter>
    </ClCompile>
    <ClCompile Include="Source\model.cpp">
      <Filter>ソース ファイル</Filter>
    </ClCompile>
    <ClCompile Include="Source\motion.cpp">
      <Filter>ソース ファイル</Filter>
    </ClCompile>
    <ClCompile Include="Source\multinumber.cpp">
      <Filter>ソース ファイル</Filter>
    </ClCompile>
    <ClCompile Include="Source\MyEffekseer.cpp">
      <Filter>ソース ファイル</Filter>
    </ClCompile>
    <ClCompile Include="Source\mylib.cpp">
      <Filter>ソース ファイル</Filter>
    </ClCompile>
    <ClCompile Include="Source\number.cpp">
      <Filter>ソース ファイル</Filter>
    </ClCompile>
    <ClCompile Include="Source\number_2D.cpp">
      <Filter>ソース ファイル</Filter>
    </ClCompile>
    <ClCompile Include="Source\number_3D.cpp">
      <Filter>ソース ファイル</Filter>
    </ClCompile>
    <ClCompile Include="Source\number_Billboard.cpp">
      <Filter>ソース ファイル</Filter>
    </ClCompile>
    <ClCompile Include="Source\particle.cpp">
      <Filter>ソース ファイル</Filter>
    </ClCompile>
    <ClCompile Include="Source\pause.cpp">
      <Filter>ソース ファイル</Filter>
    </ClCompile>
    <ClCompile Include="Source\pause_game.cpp">
      <Filter>ソース ファイル</Filter>
    </ClCompile>
    <ClCompile Include="Source\pause_tutorial.cpp">
      <Filter>ソース ファイル</Filter>
    </ClCompile>
    <ClCompile Include="Source\pickupguide.cpp">
      <Filter>ソース ファイル</Filter>
    </ClCompile>
    <ClCompile Include="Source\player.cpp">
      <Filter>ソース ファイル</Filter>
    </ClCompile>
    <ClCompile Include="Source\playercontrol.cpp">
      <Filter>ソース ファイル</Filter>
    </ClCompile>
    <ClCompile Include="Source\precompile.cpp">
      <Filter>ソース ファイル</Filter>
    </ClCompile>
    <ClCompile Include="Source\ranking.cpp">
      <Filter>ソース ファイル</Filter>
    </ClCompile>
    <ClCompile Include="Source\rankingmanager.cpp">
      <Filter>ソース ファイル</Filter>
    </ClCompile>
    <ClCompile Include="Source\rankingscore.cpp">
      <Filter>ソース ファイル</Filter>
    </ClCompile>
    <ClCompile Include="Source\renderer.cpp">
      <Filter>ソース ファイル</Filter>
    </ClCompile>
    <ClCompile Include="Source\result.cpp">
      <Filter>ソース ファイル</Filter>
    </ClCompile>
    <ClCompile Include="Source\resultmanager.cpp">
      <Filter>ソース ファイル</Filter>
    </ClCompile>
    <ClCompile Include="Source\rockon_marker.cpp">
      <Filter>ソース ファイル</Filter>
    </ClCompile>
    <ClCompile Include="Source\scene.cpp">
      <Filter>ソース ファイル</Filter>
    </ClCompile>
    <ClCompile Include="Source\score.cpp">
      <Filter>ソース ファイル</Filter>
    </ClCompile>
    <ClCompile Include="Source\shadow.cpp">
      <Filter>ソース ファイル</Filter>
    </ClCompile>
    <ClCompile Include="Source\sound.cpp">
      <Filter>ソース ファイル</Filter>
    </ClCompile>
    <ClCompile Include="Source\stage.cpp">
      <Filter>ソース ファイル</Filter>
    </ClCompile>
    <ClCompile Include="Source\stagecleartext.cpp">
      <Filter>ソース ファイル</Filter>
    </ClCompile>
    <ClCompile Include="Source\stagename.cpp">
      <Filter>ソース ファイル</Filter>
    </ClCompile>
    <ClCompile Include="Source\texture.cpp">
      <Filter>ソース ファイル</Filter>
    </ClCompile>
    <ClCompile Include="Source\timer.cpp">
      <Filter>ソース ファイル</Filter>
    </ClCompile>
    <ClCompile Include="Source\title.cpp">
      <Filter>ソース ファイル</Filter>
    </ClCompile>
    <ClCompile Include="Source\title_pressenter.cpp">
      <Filter>ソース ファイル</Filter>
    </ClCompile>
    <ClCompile Include="Source\titlelogo.cpp">
      <Filter>ソース ファイル</Filter>
    </ClCompile>
    <ClCompile Include="Source\meshcylinder.cpp">
      <Filter>mesh</Filter>
    </ClCompile>
    <ClCompile Include="Source\meshdome.cpp">
      <Filter>mesh</Filter>
    </ClCompile>
    <ClCompile Include="Source\meshfield.cpp">
      <Filter>mesh</Filter>
    </ClCompile>
    <ClCompile Include="Source\meshsphere.cpp">
      <Filter>mesh</Filter>
    </ClCompile>
    <ClCompile Include="Source\meshwall.cpp">
      <Filter>mesh</Filter>
    </ClCompile>
    <ClCompile Include="Source\enemy.cpp">
      <Filter>enemy</Filter>
    </ClCompile>
    <ClCompile Include="Source\enemy_boss.cpp">
      <Filter>enemy</Filter>
    </ClCompile>
    <ClCompile Include="Source\enemy_gobelin.cpp">
      <Filter>enemy</Filter>
    </ClCompile>
    <ClCompile Include="Source\targetpoint.cpp">
      <Filter>mesh</Filter>
    </ClCompile>
    <ClCompile Include="Source\object.cpp">
      <Filter>object</Filter>
    </ClCompile>
    <ClCompile Include="Source\object_circlegauge2D.cpp">
      <Filter>object</Filter>
    </ClCompile>
    <ClCompile Include="Source\object2D.cpp">
      <Filter>object</Filter>
    </ClCompile>
    <ClCompile Include="Source\object2D_Anim.cpp">
      <Filter>object</Filter>
    </ClCompile>
    <ClCompile Include="Source\object2D_gauge.cpp">
      <Filter>object</Filter>
    </ClCompile>
    <ClCompile Include="Source\object3D.cpp">
      <Filter>object</Filter>
    </ClCompile>
    <ClCompile Include="Source\object3D_Anim.cpp">
      <Filter>object</Filter>
    </ClCompile>
    <ClCompile Include="Source\object3DMesh.cpp">
      <Filter>object</Filter>
    </ClCompile>
    <ClCompile Include="Source\objectBillboard.cpp">
      <Filter>object</Filter>
    </ClCompile>
    <ClCompile Include="Source\objectBillboard_Anim.cpp">
      <Filter>object</Filter>
    </ClCompile>
    <ClCompile Include="Source\objectChara.cpp">
      <Filter>object</Filter>
    </ClCompile>
    <ClCompile Include="Source\objectHierarchy.cpp">
      <Filter>object</Filter>
    </ClCompile>
    <ClCompile Include="Source\objectX.cpp">
      <Filter>object</Filter>
    </ClCompile>
    <ClCompile Include="Source\busket.cpp">
      <Filter>ソース ファイル</Filter>
    </ClCompile>
    <ClCompile Include="Source\pollen_gauge.cpp">
      <Filter>ソース ファイル</Filter>
    </ClCompile>
    <ClCompile Include="Source\resultscore.cpp">
      <Filter>ソース ファイル</Filter>
    </ClCompile>
    <ClCompile Include="Source\game_pressenter.cpp">
      <Filter>mode\game</Filter>
    </ClCompile>
    <ClCompile Include="Source\rankingbg.cpp">
      <Filter>ソース ファイル</Filter>
    </ClCompile>
    <ClCompile Include="Source\tutorial.cpp">
      <Filter>mode\tutorial</Filter>
    </ClCompile>
    <ClCompile Include="Source\tutoriallogo.cpp">
      <Filter>mode\tutorial</Filter>
    </ClCompile>
    <ClCompile Include="Libraries\Imgui\imgui.cpp">
      <Filter>Imgui</Filter>
    </ClCompile>
    <ClCompile Include="Libraries\Imgui\imgui_demo.cpp">
      <Filter>Imgui</Filter>
    </ClCompile>
    <ClCompile Include="Libraries\Imgui\imgui_draw.cpp">
      <Filter>Imgui</Filter>
    </ClCompile>
    <ClCompile Include="Libraries\Imgui\imgui_impl_dx9.cpp">
      <Filter>Imgui</Filter>
    </ClCompile>
    <ClCompile Include="Libraries\Imgui\imgui_impl_win32.cpp">
      <Filter>Imgui</Filter>
    </ClCompile>
    <ClCompile Include="Libraries\Imgui\imgui_tables.cpp">
      <Filter>Imgui</Filter>
    </ClCompile>
    <ClCompile Include="Libraries\Imgui\imgui_widgets.cpp">
      <Filter>Imgui</Filter>
    </ClCompile>
    <ClCompile Include="Libraries\Imgui\implot.cpp">
      <Filter>Imgui</Filter>
    </ClCompile>
    <ClCompile Include="Libraries\Imgui\implot_items.cpp">
      <Filter>Imgui</Filter>
    </ClCompile>
    <ClCompile Include="Source\input_gamepad.cpp">
      <Filter>Input</Filter>
    </ClCompile>
    <ClCompile Include="Source\input_keyboard.cpp">
      <Filter>Input</Filter>
    </ClCompile>
    <ClCompile Include="Source\input_mouse.cpp">
      <Filter>Input</Filter>
    </ClCompile>
    <ClCompile Include="Source\input.cpp">
      <Filter>Input</Filter>
    </ClCompile>
    <ClCompile Include="Source\edit_map.cpp">
      <Filter>edit</Filter>
    </ClCompile>
    <ClCompile Include="Source\ObjectLine.cpp">
      <Filter>object</Filter>
    </ClCompile>
    <ClCompile Include="Source\collisionLine_Box.cpp">
      <Filter>edit</Filter>
    </ClCompile>
  </ItemGroup>
  <ItemGroup>
    <ClInclude Include="Source\Xload.h">
      <Filter>ヘッダー ファイル</Filter>
    </ClInclude>
    <ClInclude Include="Source\2D_effect.h">
      <Filter>ヘッダー ファイル</Filter>
    </ClInclude>
    <ClInclude Include="Source\3D_effect.h">
      <Filter>ヘッダー ファイル</Filter>
    </ClInclude>
    <ClInclude Include="Source\ballast.h">
      <Filter>ヘッダー ファイル</Filter>
    </ClInclude>
    <ClInclude Include="Source\battlestart.h">
      <Filter>ヘッダー ファイル</Filter>
    </ClInclude>
    <ClInclude Include="Source\battlestart_effect.h">
      <Filter>ヘッダー ファイル</Filter>
    </ClInclude>
    <ClInclude Include="Source\beforebattle.h">
      <Filter>ヘッダー ファイル</Filter>
    </ClInclude>
    <ClInclude Include="Source\blackframe.h">
      <Filter>ヘッダー ファイル</Filter>
    </ClInclude>
    <ClInclude Include="Source\calculation.h">
      <Filter>ヘッダー ファイル</Filter>
    </ClInclude>
    <ClInclude Include="Source\camera.h">
      <Filter>ヘッダー ファイル</Filter>
    </ClInclude>
    <ClInclude Include="Source\collisionobject.h">
      <Filter>ヘッダー ファイル</Filter>
    </ClInclude>
    <ClInclude Include="Source\constans.h">
      <Filter>ヘッダー ファイル</Filter>
    </ClInclude>
    <ClInclude Include="Source\debugproc.h">
      <Filter>ヘッダー ファイル</Filter>
    </ClInclude>
    <ClInclude Include="Source\edit.h">
      <Filter>ヘッダー ファイル</Filter>
    </ClInclude>
    <ClInclude Include="Source\edit_enemybase.h">
      <Filter>ヘッダー ファイル</Filter>
    </ClInclude>
    <ClInclude Include="Source\elevation.h">
      <Filter>ヘッダー ファイル</Filter>
    </ClInclude>
    <ClInclude Include="Source\enemybase.h">
      <Filter>ヘッダー ファイル</Filter>
    </ClInclude>
    <ClInclude Include="Source\enemymanager.h">
      <Filter>ヘッダー ファイル</Filter>
    </ClInclude>
    <ClInclude Include="Source\explosion.h">
      <Filter>ヘッダー ファイル</Filter>
    </ClInclude>
    <ClInclude Include="Source\fade.h">
      <Filter>ヘッダー ファイル</Filter>
    </ClInclude>
    <ClInclude Include="Source\fog.h">
      <Filter>ヘッダー ファイル</Filter>
    </ClInclude>
    <ClInclude Include="Source\game.h">
      <Filter>ヘッダー ファイル</Filter>
    </ClInclude>
    <ClInclude Include="Source\game_tutorial.h">
      <Filter>ヘッダー ファイル</Filter>
    </ClInclude>
    <ClInclude Include="Source\gamemanager.h">
      <Filter>ヘッダー ファイル</Filter>
    </ClInclude>
    <ClInclude Include="Source\hp_gauge.h">
      <Filter>ヘッダー ファイル</Filter>
    </ClInclude>
    <ClInclude Include="Source\hp_gauge_tip.h">
      <Filter>ヘッダー ファイル</Filter>
    </ClInclude>
    <ClInclude Include="Source\hp_gauge_tip_billboard.h">
      <Filter>ヘッダー ファイル</Filter>
    </ClInclude>
    <ClInclude Include="Source\Imguimanager.h">
      <Filter>ヘッダー ファイル</Filter>
    </ClInclude>
    <ClInclude Include="Source\impactwave.h">
      <Filter>ヘッダー ファイル</Filter>
    </ClInclude>
    <ClInclude Include="Source\instantfade.h">
      <Filter>ヘッダー ファイル</Filter>
    </ClInclude>
    <ClInclude Include="Source\light.h">
      <Filter>ヘッダー ファイル</Filter>
    </ClInclude>
    <ClInclude Include="Source\limitarea.h">
      <Filter>ヘッダー ファイル</Filter>
    </ClInclude>
    <ClInclude Include="Source\listmanager.h">
      <Filter>ヘッダー ファイル</Filter>
    </ClInclude>
    <ClInclude Include="Source\loadmanager.h">
      <Filter>ヘッダー ファイル</Filter>
    </ClInclude>
    <ClInclude Include="Source\loadscreen.h">
      <Filter>ヘッダー ファイル</Filter>
    </ClInclude>
    <ClInclude Include="Source\main.h">
      <Filter>ヘッダー ファイル</Filter>
    </ClInclude>
    <ClInclude Include="Source\manager.h">
      <Filter>ヘッダー ファイル</Filter>
    </ClInclude>
    <ClInclude Include="Source\map.h">
      <Filter>ヘッダー ファイル</Filter>
    </ClInclude>
    <ClInclude Include="Source\model.h">
      <Filter>ヘッダー ファイル</Filter>
    </ClInclude>
    <ClInclude Include="Source\motion.h">
      <Filter>ヘッダー ファイル</Filter>
    </ClInclude>
    <ClInclude Include="Source\multinumber.h">
      <Filter>ヘッダー ファイル</Filter>
    </ClInclude>
    <ClInclude Include="Source\MyEffekseer.h">
      <Filter>ヘッダー ファイル</Filter>
    </ClInclude>
    <ClInclude Include="Source\mylib.h">
      <Filter>ヘッダー ファイル</Filter>
    </ClInclude>
    <ClInclude Include="Source\number.h">
      <Filter>ヘッダー ファイル</Filter>
    </ClInclude>
    <ClInclude Include="Source\number_2D.h">
      <Filter>ヘッダー ファイル</Filter>
    </ClInclude>
    <ClInclude Include="Source\number_3D.h">
      <Filter>ヘッダー ファイル</Filter>
    </ClInclude>
    <ClInclude Include="Source\number_Billboard.h">
      <Filter>ヘッダー ファイル</Filter>
    </ClInclude>
    <ClInclude Include="Source\particle.h">
      <Filter>ヘッダー ファイル</Filter>
    </ClInclude>
    <ClInclude Include="Source\pause.h">
      <Filter>ヘッダー ファイル</Filter>
    </ClInclude>
    <ClInclude Include="Source\pause_game.h">
      <Filter>ヘッダー ファイル</Filter>
    </ClInclude>
    <ClInclude Include="Source\pause_tutorial.h">
      <Filter>ヘッダー ファイル</Filter>
    </ClInclude>
    <ClInclude Include="Source\pickupguide.h">
      <Filter>ヘッダー ファイル</Filter>
    </ClInclude>
    <ClInclude Include="Source\player.h">
      <Filter>ヘッダー ファイル</Filter>
    </ClInclude>
    <ClInclude Include="Source\playercontrol.h">
      <Filter>ヘッダー ファイル</Filter>
    </ClInclude>
    <ClInclude Include="Source\precompile.h">
      <Filter>ヘッダー ファイル</Filter>
    </ClInclude>
    <ClInclude Include="Source\ranking.h">
      <Filter>ヘッダー ファイル</Filter>
    </ClInclude>
    <ClInclude Include="Source\rankingmanager.h">
      <Filter>ヘッダー ファイル</Filter>
    </ClInclude>
    <ClInclude Include="Source\rankingscore.h">
      <Filter>ヘッダー ファイル</Filter>
    </ClInclude>
    <ClInclude Include="Source\renderer.h">
      <Filter>ヘッダー ファイル</Filter>
    </ClInclude>
    <ClInclude Include="Source\result.h">
      <Filter>ヘッダー ファイル</Filter>
    </ClInclude>
    <ClInclude Include="Source\resultmanager.h">
      <Filter>ヘッダー ファイル</Filter>
    </ClInclude>
    <ClInclude Include="Source\rockon_marker.h">
      <Filter>ヘッダー ファイル</Filter>
    </ClInclude>
    <ClInclude Include="Source\scene.h">
      <Filter>ヘッダー ファイル</Filter>
    </ClInclude>
    <ClInclude Include="Source\score.h">
      <Filter>ヘッダー ファイル</Filter>
    </ClInclude>
    <ClInclude Include="Source\shadow.h">
      <Filter>ヘッダー ファイル</Filter>
    </ClInclude>
    <ClInclude Include="Source\sound.h">
      <Filter>ヘッダー ファイル</Filter>
    </ClInclude>
    <ClInclude Include="Source\stage.h">
      <Filter>ヘッダー ファイル</Filter>
    </ClInclude>
    <ClInclude Include="Source\stagecleartext.h">
      <Filter>ヘッダー ファイル</Filter>
    </ClInclude>
    <ClInclude Include="Source\stagename.h">
      <Filter>ヘッダー ファイル</Filter>
    </ClInclude>
    <ClInclude Include="Source\texture.h">
      <Filter>ヘッダー ファイル</Filter>
    </ClInclude>
    <ClInclude Include="Source\timer.h">
      <Filter>ヘッダー ファイル</Filter>
    </ClInclude>
    <ClInclude Include="Source\title.h">
      <Filter>ヘッダー ファイル</Filter>
    </ClInclude>
    <ClInclude Include="Source\title_pressenter.h">
      <Filter>ヘッダー ファイル</Filter>
    </ClInclude>
    <ClInclude Include="Source\titlelogo.h">
      <Filter>ヘッダー ファイル</Filter>
    </ClInclude>
    <ClInclude Include="Source\meshcylinder.h">
      <Filter>mesh</Filter>
    </ClInclude>
    <ClInclude Include="Source\meshdome.h">
      <Filter>mesh</Filter>
    </ClInclude>
    <ClInclude Include="Source\meshfield.h">
      <Filter>mesh</Filter>
    </ClInclude>
    <ClInclude Include="Source\meshsphere.h">
      <Filter>mesh</Filter>
    </ClInclude>
    <ClInclude Include="Source\meshwall.h">
      <Filter>mesh</Filter>
    </ClInclude>
    <ClInclude Include="Source\enemy.h">
      <Filter>enemy</Filter>
    </ClInclude>
    <ClInclude Include="Source\enemy_boss.h">
      <Filter>enemy</Filter>
    </ClInclude>
    <ClInclude Include="Source\enemy_gobelin.h">
      <Filter>enemy</Filter>
    </ClInclude>
    <ClInclude Include="Source\targetpoint.h">
      <Filter>mesh</Filter>
    </ClInclude>
    <ClInclude Include="Source\object.h">
      <Filter>object</Filter>
    </ClInclude>
    <ClInclude Include="Source\object_circlegauge2D.h">
      <Filter>object</Filter>
    </ClInclude>
    <ClInclude Include="Source\object2D.h">
      <Filter>object</Filter>
    </ClInclude>
    <ClInclude Include="Source\object2D_Anim.h">
      <Filter>object</Filter>
    </ClInclude>
    <ClInclude Include="Source\object2D_gauge.h">
      <Filter>object</Filter>
    </ClInclude>
    <ClInclude Include="Source\object3D.h">
      <Filter>object</Filter>
    </ClInclude>
    <ClInclude Include="Source\object3D_Anim.h">
      <Filter>object</Filter>
    </ClInclude>
    <ClInclude Include="Source\object3DMesh.h">
      <Filter>object</Filter>
    </ClInclude>
    <ClInclude Include="Source\objectBillboard.h">
      <Filter>object</Filter>
    </ClInclude>
    <ClInclude Include="Source\objectBillboard_Anim.h">
      <Filter>object</Filter>
    </ClInclude>
    <ClInclude Include="Source\objectChara.h">
      <Filter>object</Filter>
    </ClInclude>
    <ClInclude Include="Source\objectHierarchy.h">
      <Filter>object</Filter>
    </ClInclude>
    <ClInclude Include="Source\objectX.h">
      <Filter>object</Filter>
    </ClInclude>
    <ClInclude Include="Source\busket.h">
      <Filter>ヘッダー ファイル</Filter>
    </ClInclude>
    <ClInclude Include="Source\pollen_gauge.h">
      <Filter>ヘッダー ファイル</Filter>
    </ClInclude>
    <ClInclude Include="Source\resultscore.h">
      <Filter>ヘッダー ファイル</Filter>
    </ClInclude>
    <ClInclude Include="Source\game_pressenter.h">
      <Filter>mode\game</Filter>
    </ClInclude>
    <ClInclude Include="Source\rankingbg.h">
      <Filter>ヘッダー ファイル</Filter>
    </ClInclude>
    <ClInclude Include="Source\tutorial.h">
      <Filter>mode\tutorial</Filter>
    </ClInclude>
    <ClInclude Include="Source\tutoriallogo.h">
      <Filter>mode\tutorial</Filter>
    </ClInclude>
    <ClInclude Include="Libraries\Imgui\imconfig.h">
      <Filter>Imgui</Filter>
    </ClInclude>
    <ClInclude Include="Libraries\Imgui\imgui.h">
      <Filter>Imgui</Filter>
    </ClInclude>
    <ClInclude Include="Libraries\Imgui\imgui_impl_dx9.h">
      <Filter>Imgui</Filter>
    </ClInclude>
    <ClInclude Include="Libraries\Imgui\imgui_impl_win32.h">
      <Filter>Imgui</Filter>
    </ClInclude>
    <ClInclude Include="Libraries\Imgui\imgui_internal.h">
      <Filter>Imgui</Filter>
    </ClInclude>
    <ClInclude Include="Libraries\Imgui\implot.h">
      <Filter>Imgui</Filter>
    </ClInclude>
    <ClInclude Include="Libraries\Imgui\implot_internal.h">
      <Filter>Imgui</Filter>
    </ClInclude>
    <ClInclude Include="Libraries\Imgui\imstb_rectpack.h">
      <Filter>Imgui</Filter>
    </ClInclude>
    <ClInclude Include="Libraries\Imgui\imstb_textedit.h">
      <Filter>Imgui</Filter>
    </ClInclude>
    <ClInclude Include="Libraries\Imgui\imstb_truetype.h">
      <Filter>Imgui</Filter>
    </ClInclude>
    <ClInclude Include="Source\input_gamepad.h">
      <Filter>Input</Filter>
    </ClInclude>
    <ClInclude Include="Source\input_keyboard.h">
      <Filter>Input</Filter>
    </ClInclude>
    <ClInclude Include="Source\input_mouse.h">
      <Filter>Input</Filter>
    </ClInclude>
    <ClInclude Include="Source\input.h">
      <Filter>Input</Filter>
    </ClInclude>
    <ClInclude Include="Source\edit_map.h">
      <Filter>edit</Filter>
    </ClInclude>
    <ClInclude Include="Source\ObjectLine.h">
      <Filter>object</Filter>
    </ClInclude>
    <ClInclude Include="Source\collisionLine_Box.h">
      <Filter>edit</Filter>
    </ClInclude>
  </ItemGroup>
</Project>